// !$*UTF8*$!
{
	archiveVersion = 1;
	classes = {
	};
	objectVersion = 46;
	objects = {

/* Begin PBXBuildFile section */
		1401D9C81E75EA5E00F1299D /* GoogleService-Info-DEV.plist in Resources */ = {isa = PBXBuildFile; fileRef = 1401D9C71E75EA5E00F1299D /* GoogleService-Info-DEV.plist */; };
		140BCD0B1ECBC37C000FE0E5 /* Scanner.swift in Sources */ = {isa = PBXBuildFile; fileRef = 140BCD0A1ECBC37C000FE0E5 /* Scanner.swift */; };
		140BCD0C1ECBC37C000FE0E5 /* Scanner.swift in Sources */ = {isa = PBXBuildFile; fileRef = 140BCD0A1ECBC37C000FE0E5 /* Scanner.swift */; };
		14184CF11EA1AB410068E01C /* UserTest.swift in Sources */ = {isa = PBXBuildFile; fileRef = 14184CF01EA1AB410068E01C /* UserTest.swift */; };
		141852181E55F2E200471E59 /* TwitterClient.swift in Sources */ = {isa = PBXBuildFile; fileRef = 141852171E55F2E200471E59 /* TwitterClient.swift */; };
		1418C0021EA6400E00C5538F /* EmptyView.swift in Sources */ = {isa = PBXBuildFile; fileRef = 1418C0011EA6400E00C5538F /* EmptyView.swift */; };
		1418C0031EA6400E00C5538F /* EmptyView.swift in Sources */ = {isa = PBXBuildFile; fileRef = 1418C0011EA6400E00C5538F /* EmptyView.swift */; };
		1418C0221EA6728800C5538F /* SwitchButton.swift in Sources */ = {isa = PBXBuildFile; fileRef = 1418C0211EA6728800C5538F /* SwitchButton.swift */; };
		1418C0231EA6728800C5538F /* SwitchButton.swift in Sources */ = {isa = PBXBuildFile; fileRef = 1418C0211EA6728800C5538F /* SwitchButton.swift */; };
		1418C0261EA67C2F00C5538F /* ProfileManager.swift in Sources */ = {isa = PBXBuildFile; fileRef = 1418C0251EA67C2F00C5538F /* ProfileManager.swift */; };
		1418C0271EA67C2F00C5538F /* ProfileManager.swift in Sources */ = {isa = PBXBuildFile; fileRef = 1418C0251EA67C2F00C5538F /* ProfileManager.swift */; };
		142133701E4F5CA700098F99 /* GoogleService-Info.plist in Resources */ = {isa = PBXBuildFile; fileRef = 1421336F1E4F5CA700098F99 /* GoogleService-Info.plist */; };
		142163491E8ED4C600CF6FF4 /* GradientView.swift in Sources */ = {isa = PBXBuildFile; fileRef = 142163481E8ED4C600CF6FF4 /* GradientView.swift */; };
		1421634A1E8ED4C600CF6FF4 /* GradientView.swift in Sources */ = {isa = PBXBuildFile; fileRef = 142163481E8ED4C600CF6FF4 /* GradientView.swift */; };
		1446683B1EC8A30C0062FA56 /* Alias.swift in Sources */ = {isa = PBXBuildFile; fileRef = 1446683A1EC8A30C0062FA56 /* Alias.swift */; };
		1446683C1EC8A30C0062FA56 /* Alias.swift in Sources */ = {isa = PBXBuildFile; fileRef = 1446683A1EC8A30C0062FA56 /* Alias.swift */; };
		1446683F1EC8A7840062FA56 /* Oops.swift in Sources */ = {isa = PBXBuildFile; fileRef = 1446683E1EC8A7840062FA56 /* Oops.swift */; };
		144668401EC8A7840062FA56 /* Oops.swift in Sources */ = {isa = PBXBuildFile; fileRef = 1446683E1EC8A7840062FA56 /* Oops.swift */; };
		144668431EC8AEBB0062FA56 /* Color+Extension.swift in Sources */ = {isa = PBXBuildFile; fileRef = 144668421EC8AEBB0062FA56 /* Color+Extension.swift */; };
		144668441EC8AEBB0062FA56 /* Color+Extension.swift in Sources */ = {isa = PBXBuildFile; fileRef = 144668421EC8AEBB0062FA56 /* Color+Extension.swift */; };
		144668481EC8AF2C0062FA56 /* Dev-Info.plist in Resources */ = {isa = PBXBuildFile; fileRef = 144668461EC8AF2C0062FA56 /* Dev-Info.plist */; };
		1466C6321ECF3B5500C01CF0 /* Default-568h@2x.png in Resources */ = {isa = PBXBuildFile; fileRef = 1466C6311ECF3B5500C01CF0 /* Default-568h@2x.png */; };
		1466C6331ECF3DB900C01CF0 /* Info.plist in Resources */ = {isa = PBXBuildFile; fileRef = B964AE951DBA74B400A0162E /* Info.plist */; };
		1471D91B1E5CE5EC00293728 /* OnboardViewController.swift in Sources */ = {isa = PBXBuildFile; fileRef = 1471D91A1E5CE5EC00293728 /* OnboardViewController.swift */; };
		1471D9211E5CEC7C00293728 /* BackgroundVideo.swift in Sources */ = {isa = PBXBuildFile; fileRef = 1471D9201E5CEC7C00293728 /* BackgroundVideo.swift */; };
		147417691EAD0D5700A9A1E9 /* TransitionManager.swift in Sources */ = {isa = PBXBuildFile; fileRef = 147417681EAD0D5700A9A1E9 /* TransitionManager.swift */; };
		1474176A1EAD0D5700A9A1E9 /* TransitionManager.swift in Sources */ = {isa = PBXBuildFile; fileRef = 147417681EAD0D5700A9A1E9 /* TransitionManager.swift */; };
		1474176D1EAD171100A9A1E9 /* Scan.swift in Sources */ = {isa = PBXBuildFile; fileRef = 1474176C1EAD171100A9A1E9 /* Scan.swift */; };
		1474176E1EAD171100A9A1E9 /* Scan.swift in Sources */ = {isa = PBXBuildFile; fileRef = 1474176C1EAD171100A9A1E9 /* Scan.swift */; };
		147C90B81E5DDCB700D8DE70 /* onboard.mp4 in Resources */ = {isa = PBXBuildFile; fileRef = 147C90B71E5DDCB700D8DE70 /* onboard.mp4 */; };
		147CB3261EB109C300BDAF5B /* EditProfileInfoViewController.swift in Sources */ = {isa = PBXBuildFile; fileRef = 147CB3251EB109C300BDAF5B /* EditProfileInfoViewController.swift */; };
		147CB3271EB109C300BDAF5B /* EditProfileInfoViewController.swift in Sources */ = {isa = PBXBuildFile; fileRef = 147CB3251EB109C300BDAF5B /* EditProfileInfoViewController.swift */; };
		148522351EA1538D00F0BDC4 /* Date+Extension.swift in Sources */ = {isa = PBXBuildFile; fileRef = 148522341EA1538D00F0BDC4 /* Date+Extension.swift */; };
		148522371EA153DD00F0BDC4 /* String+Extension.swift in Sources */ = {isa = PBXBuildFile; fileRef = 148522361EA153DD00F0BDC4 /* String+Extension.swift */; };
		148522381EA153DD00F0BDC4 /* String+Extension.swift in Sources */ = {isa = PBXBuildFile; fileRef = 148522361EA153DD00F0BDC4 /* String+Extension.swift */; };
		1485223A1EA153EA00F0BDC4 /* Date+Extension.swift in Sources */ = {isa = PBXBuildFile; fileRef = 148522341EA1538D00F0BDC4 /* Date+Extension.swift */; };
		148522411EA1544800F0BDC4 /* JPLoadingButton+Extension.swift in Sources */ = {isa = PBXBuildFile; fileRef = 148522401EA1544800F0BDC4 /* JPLoadingButton+Extension.swift */; };
		148522421EA1544800F0BDC4 /* JPLoadingButton+Extension.swift in Sources */ = {isa = PBXBuildFile; fileRef = 148522401EA1544800F0BDC4 /* JPLoadingButton+Extension.swift */; };
		14855D961E64900600794587 /* NameViewController.swift in Sources */ = {isa = PBXBuildFile; fileRef = 14855D951E64900600794587 /* NameViewController.swift */; };
		14855D981E64901300794587 /* UsernameViewController.swift in Sources */ = {isa = PBXBuildFile; fileRef = 14855D971E64901300794587 /* UsernameViewController.swift */; };
		14855D9A1E64902500794587 /* PasswordViewController.swift in Sources */ = {isa = PBXBuildFile; fileRef = 14855D991E64902500794587 /* PasswordViewController.swift */; };
		14855D9C1E64903A00794587 /* EmailViewController.swift in Sources */ = {isa = PBXBuildFile; fileRef = 14855D9B1E64903A00794587 /* EmailViewController.swift */; };
		149D1DDF1E747F8000254601 /* AddProfileInfoViewController.swift in Sources */ = {isa = PBXBuildFile; fileRef = 149D1DDD1E747F8000254601 /* AddProfileInfoViewController.swift */; };
		14AE14211E7F4EFE0035789E /* SnowFlake.swift in Sources */ = {isa = PBXBuildFile; fileRef = 14AE14201E7F4EFE0035789E /* SnowFlake.swift */; };
		14AE14221E7F4EFE0035789E /* SnowFlake.swift in Sources */ = {isa = PBXBuildFile; fileRef = 14AE14201E7F4EFE0035789E /* SnowFlake.swift */; };
		14B224A11E8AA4380027CBA8 /* TransparentNavigationBar.swift in Sources */ = {isa = PBXBuildFile; fileRef = 14B224A01E8AA4380027CBA8 /* TransparentNavigationBar.swift */; };
		14B224A31E8AA7D90027CBA8 /* MainController.swift in Sources */ = {isa = PBXBuildFile; fileRef = 14B224A21E8AA7D90027CBA8 /* MainController.swift */; };
		14B224A41E8AA7D90027CBA8 /* MainController.swift in Sources */ = {isa = PBXBuildFile; fileRef = 14B224A21E8AA7D90027CBA8 /* MainController.swift */; };
		14B224A61E8AABD20027CBA8 /* TransparentNavigationBar.swift in Sources */ = {isa = PBXBuildFile; fileRef = 14B224A01E8AA4380027CBA8 /* TransparentNavigationBar.swift */; };
		14CBE9431ECF384200A852EA /* AppDelegate.swift in Sources */ = {isa = PBXBuildFile; fileRef = 14CBE9421ECF384200A852EA /* AppDelegate.swift */; };
		14CBE9441ECF384200A852EA /* AppDelegate.swift in Sources */ = {isa = PBXBuildFile; fileRef = 14CBE9421ECF384200A852EA /* AppDelegate.swift */; };
		14CCB6DA1E7C2630004B1C3C /* AccountsViewController.swift in Sources */ = {isa = PBXBuildFile; fileRef = 14CCB6D91E7C2630004B1C3C /* AccountsViewController.swift */; };
		14CCB6DB1E7C2630004B1C3C /* AccountsViewController.swift in Sources */ = {isa = PBXBuildFile; fileRef = 14CCB6D91E7C2630004B1C3C /* AccountsViewController.swift */; };
		14DE82D81E4D2A5F00453D3C /* AlertUtility.swift in Sources */ = {isa = PBXBuildFile; fileRef = 14DE82D71E4D2A5F00453D3C /* AlertUtility.swift */; };
		14E6F83A1E5343BB00BBD244 /* ImageDownloaderDelegate.swift in Sources */ = {isa = PBXBuildFile; fileRef = 14E6F8391E5343BB00BBD244 /* ImageDownloaderDelegate.swift */; };
		14E7A69E1EA7B97700F1BB15 /* ProfileViewControllerCurrentUser.swift in Sources */ = {isa = PBXBuildFile; fileRef = 14E7A69C1EA7B97700F1BB15 /* ProfileViewControllerCurrentUser.swift */; };
		14E7A69F1EA7B97700F1BB15 /* ProfileViewControllerCurrentUser.swift in Sources */ = {isa = PBXBuildFile; fileRef = 14E7A69C1EA7B97700F1BB15 /* ProfileViewControllerCurrentUser.swift */; };
		14E7A6A11EA7B97700F1BB15 /* ProfileViewControllerOtherUser.swift in Sources */ = {isa = PBXBuildFile; fileRef = 14E7A69D1EA7B97700F1BB15 /* ProfileViewControllerOtherUser.swift */; };
		14E7A6A21EA7B97700F1BB15 /* ProfileViewControllerOtherUser.swift in Sources */ = {isa = PBXBuildFile; fileRef = 14E7A69D1EA7B97700F1BB15 /* ProfileViewControllerOtherUser.swift */; };
		14EC7A831E74F27300B3C4E8 /* SwiftyUserDefaults.swift in Sources */ = {isa = PBXBuildFile; fileRef = B9570E011DCF8A2900685718 /* SwiftyUserDefaults.swift */; };
		14EC7A841E74F27300B3C4E8 /* QNectAlertView.swift in Sources */ = {isa = PBXBuildFile; fileRef = B9C3A8031DD9022E00CE9D06 /* QNectAlertView.swift */; };
		14EC7A861E74F27300B3C4E8 /* QnEncoder.swift in Sources */ = {isa = PBXBuildFile; fileRef = B92418071DCFB4CA007C0B3B /* QnEncoder.swift */; };
		14EC7A881E74F27300B3C4E8 /* PasswordViewController.swift in Sources */ = {isa = PBXBuildFile; fileRef = 14855D991E64902500794587 /* PasswordViewController.swift */; };
		14EC7A891E74F27300B3C4E8 /* ConnectionsModel.swift in Sources */ = {isa = PBXBuildFile; fileRef = B9C3A8011DD8E67F00CE9D06 /* ConnectionsModel.swift */; };
		14EC7A8C1E74F27300B3C4E8 /* SphereMenu.swift in Sources */ = {isa = PBXBuildFile; fileRef = B9F859211DF0BBF600BE09A0 /* SphereMenu.swift */; };
		14EC7A8D1E74F27300B3C4E8 /* ImageDownloaderDelegate.swift in Sources */ = {isa = PBXBuildFile; fileRef = 14E6F8391E5343BB00BBD244 /* ImageDownloaderDelegate.swift */; };
		14EC7A8E1E74F27300B3C4E8 /* BackgroundVideo.swift in Sources */ = {isa = PBXBuildFile; fileRef = 1471D9201E5CEC7C00293728 /* BackgroundVideo.swift */; };
		14EC7A8F1E74F27300B3C4E8 /* OnboardViewController.swift in Sources */ = {isa = PBXBuildFile; fileRef = 1471D91A1E5CE5EC00293728 /* OnboardViewController.swift */; };
		14EC7A931E74F27300B3C4E8 /* User.swift in Sources */ = {isa = PBXBuildFile; fileRef = B949FA3F1DBAA55A0071CBD6 /* User.swift */; };
		14EC7A951E74F27300B3C4E8 /* NameViewController.swift in Sources */ = {isa = PBXBuildFile; fileRef = 14855D951E64900600794587 /* NameViewController.swift */; };
		14EC7A961E74F27300B3C4E8 /* EmailViewController.swift in Sources */ = {isa = PBXBuildFile; fileRef = 14855D9B1E64903A00794587 /* EmailViewController.swift */; };
		14EC7A981E74F27300B3C4E8 /* LoginViewController.swift in Sources */ = {isa = PBXBuildFile; fileRef = B949FA3C1DBA965C0071CBD6 /* LoginViewController.swift */; };
		14EC7A991E74F27300B3C4E8 /* ContactManager.swift in Sources */ = {isa = PBXBuildFile; fileRef = B937537F1DD669F8007D50D7 /* ContactManager.swift */; };
		14EC7A9B1E74F27300B3C4E8 /* QnDecoder.swift in Sources */ = {isa = PBXBuildFile; fileRef = B92418051DCFB4BD007C0B3B /* QnDecoder.swift */; };
		14EC7A9D1E74F27300B3C4E8 /* QNectCode.swift in Sources */ = {isa = PBXBuildFile; fileRef = B90968CB1DCFB6B000B73662 /* QNectCode.swift */; };
		14EC7AA01E74F27300B3C4E8 /* ConnectionCell.swift in Sources */ = {isa = PBXBuildFile; fileRef = B90968D51DCFC83200B73662 /* ConnectionCell.swift */; };
		14EC7AA11E74F27300B3C4E8 /* AddProfileInfoViewController.swift in Sources */ = {isa = PBXBuildFile; fileRef = 149D1DDD1E747F8000254601 /* AddProfileInfoViewController.swift */; };
		14EC7AA41E74F27300B3C4E8 /* UsernameViewController.swift in Sources */ = {isa = PBXBuildFile; fileRef = 14855D971E64901300794587 /* UsernameViewController.swift */; };
		14EC7AA51E74F27300B3C4E8 /* QnClient.swift in Sources */ = {isa = PBXBuildFile; fileRef = B90968CF1DCFC1FB00B73662 /* QnClient.swift */; };
		14EC7AA71E74F27300B3C4E8 /* CodeViewController.swift in Sources */ = {isa = PBXBuildFile; fileRef = B95F6A571DCFA87B00EA3577 /* CodeViewController.swift */; };
		14EC7AA81E74F27300B3C4E8 /* ProfileImageCreator.swift in Sources */ = {isa = PBXBuildFile; fileRef = B9570E111DCF9A3A00685718 /* ProfileImageCreator.swift */; };
		14EC7AAA1E74F27300B3C4E8 /* AlertUtility.swift in Sources */ = {isa = PBXBuildFile; fileRef = 14DE82D71E4D2A5F00453D3C /* AlertUtility.swift */; };
		14EC7AAB1E74F27300B3C4E8 /* ConnectionsViewController.swift in Sources */ = {isa = PBXBuildFile; fileRef = B9C3A7FD1DD8E5F800CE9D06 /* ConnectionsViewController.swift */; };
		14EC7AAC1E74F27300B3C4E8 /* SettingsViewController.swift in Sources */ = {isa = PBXBuildFile; fileRef = B92418031DCFAFDF007C0B3B /* SettingsViewController.swift */; };
		14EC7AAD1E74F27300B3C4E8 /* TwitterClient.swift in Sources */ = {isa = PBXBuildFile; fileRef = 141852171E55F2E200471E59 /* TwitterClient.swift */; };
		14EC7AAF1E74F27300B3C4E8 /* libsqlite3.tbd in Frameworks */ = {isa = PBXBuildFile; fileRef = B9C3A7F91DD8DDA400CE9D06 /* libsqlite3.tbd */; };
		14EC7AB21E74F27300B3C4E8 /* LaunchScreen.storyboard in Resources */ = {isa = PBXBuildFile; fileRef = B964AE921DBA74B400A0162E /* LaunchScreen.storyboard */; };
		14EC7AB31E74F27300B3C4E8 /* onboard.mp4 in Resources */ = {isa = PBXBuildFile; fileRef = 147C90B71E5DDCB700D8DE70 /* onboard.mp4 */; };
		14EC7AB51E74F27300B3C4E8 /* Images.xcassets in Resources */ = {isa = PBXBuildFile; fileRef = B964AE901DBA74B400A0162E /* Images.xcassets */; };
		14EC7AB61E74F27300B3C4E8 /* Main.storyboard in Resources */ = {isa = PBXBuildFile; fileRef = B964AE8A1DBA74B400A0162E /* Main.storyboard */; };
		14F78E881E8C530E00A3D169 /* ProfileImageView.swift in Sources */ = {isa = PBXBuildFile; fileRef = 14F78E871E8C530E00A3D169 /* ProfileImageView.swift */; };
		14F78E891E8C530E00A3D169 /* ProfileImageView.swift in Sources */ = {isa = PBXBuildFile; fileRef = 14F78E871E8C530E00A3D169 /* ProfileImageView.swift */; };
		456A8E5B94DBD1941F2C5CF2 /* Pods_Aloha_dev.framework in Frameworks */ = {isa = PBXBuildFile; fileRef = 8C9816EDE8DA470794141306 /* Pods_Aloha_dev.framework */; };
		7AED334826EC3F159CA2187F /* Pods_Aloha.framework in Frameworks */ = {isa = PBXBuildFile; fileRef = BFAF0FA4662ADFE95B9E2F4B /* Pods_Aloha.framework */; };
		B90968CC1DCFB6B000B73662 /* QNectCode.swift in Sources */ = {isa = PBXBuildFile; fileRef = B90968CB1DCFB6B000B73662 /* QNectCode.swift */; };
		B90968D01DCFC1FB00B73662 /* QnClient.swift in Sources */ = {isa = PBXBuildFile; fileRef = B90968CF1DCFC1FB00B73662 /* QnClient.swift */; };
		B90968D91DCFC83200B73662 /* ConnectionCell.swift in Sources */ = {isa = PBXBuildFile; fileRef = B90968D51DCFC83200B73662 /* ConnectionCell.swift */; };
		B92418041DCFAFDF007C0B3B /* SettingsViewController.swift in Sources */ = {isa = PBXBuildFile; fileRef = B92418031DCFAFDF007C0B3B /* SettingsViewController.swift */; };
		B92418061DCFB4BD007C0B3B /* QnDecoder.swift in Sources */ = {isa = PBXBuildFile; fileRef = B92418051DCFB4BD007C0B3B /* QnDecoder.swift */; };
		B92418081DCFB4CA007C0B3B /* QnEncoder.swift in Sources */ = {isa = PBXBuildFile; fileRef = B92418071DCFB4CA007C0B3B /* QnEncoder.swift */; };
		B93753801DD669F8007D50D7 /* ContactManager.swift in Sources */ = {isa = PBXBuildFile; fileRef = B937537F1DD669F8007D50D7 /* ContactManager.swift */; };
		B949FA3D1DBA965C0071CBD6 /* LoginViewController.swift in Sources */ = {isa = PBXBuildFile; fileRef = B949FA3C1DBA965C0071CBD6 /* LoginViewController.swift */; };
		B949FA401DBAA55A0071CBD6 /* User.swift in Sources */ = {isa = PBXBuildFile; fileRef = B949FA3F1DBAA55A0071CBD6 /* User.swift */; };
		B9570E021DCF8A2900685718 /* SwiftyUserDefaults.swift in Sources */ = {isa = PBXBuildFile; fileRef = B9570E011DCF8A2900685718 /* SwiftyUserDefaults.swift */; };
		B9570E121DCF9A3A00685718 /* ProfileImageCreator.swift in Sources */ = {isa = PBXBuildFile; fileRef = B9570E111DCF9A3A00685718 /* ProfileImageCreator.swift */; };
		B95F6A581DCFA87B00EA3577 /* CodeViewController.swift in Sources */ = {isa = PBXBuildFile; fileRef = B95F6A571DCFA87B00EA3577 /* CodeViewController.swift */; };
		B964AE8C1DBA74B400A0162E /* Main.storyboard in Resources */ = {isa = PBXBuildFile; fileRef = B964AE8A1DBA74B400A0162E /* Main.storyboard */; };
		B964AE911DBA74B400A0162E /* Images.xcassets in Resources */ = {isa = PBXBuildFile; fileRef = B964AE901DBA74B400A0162E /* Images.xcassets */; };
		B964AE941DBA74B400A0162E /* LaunchScreen.storyboard in Resources */ = {isa = PBXBuildFile; fileRef = B964AE921DBA74B400A0162E /* LaunchScreen.storyboard */; };
		B964AE9F1DBA74B400A0162E /* StringExtensionTest.swift in Sources */ = {isa = PBXBuildFile; fileRef = B964AE9E1DBA74B400A0162E /* StringExtensionTest.swift */; };
		B9C3A7FA1DD8DDA400CE9D06 /* libsqlite3.tbd in Frameworks */ = {isa = PBXBuildFile; fileRef = B9C3A7F91DD8DDA400CE9D06 /* libsqlite3.tbd */; };
		B9C3A7FE1DD8E5F800CE9D06 /* ConnectionsViewController.swift in Sources */ = {isa = PBXBuildFile; fileRef = B9C3A7FD1DD8E5F800CE9D06 /* ConnectionsViewController.swift */; };
		B9C3A8021DD8E67F00CE9D06 /* ConnectionsModel.swift in Sources */ = {isa = PBXBuildFile; fileRef = B9C3A8011DD8E67F00CE9D06 /* ConnectionsModel.swift */; };
		B9C3A8041DD9022E00CE9D06 /* QNectAlertView.swift in Sources */ = {isa = PBXBuildFile; fileRef = B9C3A8031DD9022E00CE9D06 /* QNectAlertView.swift */; };
		B9F859221DF0BBF600BE09A0 /* SphereMenu.swift in Sources */ = {isa = PBXBuildFile; fileRef = B9F859211DF0BBF600BE09A0 /* SphereMenu.swift */; };
		F7133D181D283A9300A90C4D /* Pods_AlohaTests.framework in Frameworks */ = {isa = PBXBuildFile; fileRef = 07D3DB2AAEEF968784A9D881 /* Pods_AlohaTests.framework */; };
/* End PBXBuildFile section */

/* Begin PBXContainerItemProxy section */
		B964AE9B1DBA74B400A0162E /* PBXContainerItemProxy */ = {
			isa = PBXContainerItemProxy;
			containerPortal = B964AE7B1DBA74B400A0162E /* Project object */;
			proxyType = 1;
			remoteGlobalIDString = B964AE821DBA74B400A0162E;
			remoteInfo = QNect;
		};
/* End PBXContainerItemProxy section */

/* Begin PBXFileReference section */
		07D3DB2AAEEF968784A9D881 /* Pods_AlohaTests.framework */ = {isa = PBXFileReference; explicitFileType = wrapper.framework; includeInIndex = 0; path = Pods_AlohaTests.framework; sourceTree = BUILT_PRODUCTS_DIR; };
		0F57608E22CC33BB7CF0626C /* Pods-Aloha.release.xcconfig */ = {isa = PBXFileReference; includeInIndex = 1; lastKnownFileType = text.xcconfig; name = "Pods-Aloha.release.xcconfig"; path = "Pods/Target Support Files/Pods-Aloha/Pods-Aloha.release.xcconfig"; sourceTree = "<group>"; };
		1401D9C71E75EA5E00F1299D /* GoogleService-Info-DEV.plist */ = {isa = PBXFileReference; fileEncoding = 4; lastKnownFileType = text.plist.xml; path = "GoogleService-Info-DEV.plist"; sourceTree = "<group>"; };
		140BCD0A1ECBC37C000FE0E5 /* Scanner.swift */ = {isa = PBXFileReference; fileEncoding = 4; lastKnownFileType = sourcecode.swift; path = Scanner.swift; sourceTree = "<group>"; };
		14184CF01EA1AB410068E01C /* UserTest.swift */ = {isa = PBXFileReference; fileEncoding = 4; lastKnownFileType = sourcecode.swift; path = UserTest.swift; sourceTree = "<group>"; };
		141852171E55F2E200471E59 /* TwitterClient.swift */ = {isa = PBXFileReference; fileEncoding = 4; lastKnownFileType = sourcecode.swift; path = TwitterClient.swift; sourceTree = "<group>"; };
		1418C0011EA6400E00C5538F /* EmptyView.swift */ = {isa = PBXFileReference; fileEncoding = 4; lastKnownFileType = sourcecode.swift; path = EmptyView.swift; sourceTree = "<group>"; };
		1418C0211EA6728800C5538F /* SwitchButton.swift */ = {isa = PBXFileReference; fileEncoding = 4; lastKnownFileType = sourcecode.swift; path = SwitchButton.swift; sourceTree = "<group>"; };
		1418C0251EA67C2F00C5538F /* ProfileManager.swift */ = {isa = PBXFileReference; fileEncoding = 4; lastKnownFileType = sourcecode.swift; path = ProfileManager.swift; sourceTree = "<group>"; };
		1421336F1E4F5CA700098F99 /* GoogleService-Info.plist */ = {isa = PBXFileReference; fileEncoding = 4; lastKnownFileType = text.plist.xml; path = "GoogleService-Info.plist"; sourceTree = "<group>"; };
		142163481E8ED4C600CF6FF4 /* GradientView.swift */ = {isa = PBXFileReference; fileEncoding = 4; lastKnownFileType = sourcecode.swift; path = GradientView.swift; sourceTree = "<group>"; };
		1446683A1EC8A30C0062FA56 /* Alias.swift */ = {isa = PBXFileReference; fileEncoding = 4; lastKnownFileType = sourcecode.swift; path = Alias.swift; sourceTree = "<group>"; };
		1446683E1EC8A7840062FA56 /* Oops.swift */ = {isa = PBXFileReference; fileEncoding = 4; lastKnownFileType = sourcecode.swift; path = Oops.swift; sourceTree = "<group>"; };
		144668421EC8AEBB0062FA56 /* Color+Extension.swift */ = {isa = PBXFileReference; fileEncoding = 4; lastKnownFileType = sourcecode.swift; path = "Color+Extension.swift"; sourceTree = "<group>"; };
		144668461EC8AF2C0062FA56 /* Dev-Info.plist */ = {isa = PBXFileReference; fileEncoding = 4; lastKnownFileType = text.plist.xml; path = "Dev-Info.plist"; sourceTree = "<group>"; };
		1466C6311ECF3B5500C01CF0 /* Default-568h@2x.png */ = {isa = PBXFileReference; lastKnownFileType = image.png; path = "Default-568h@2x.png"; sourceTree = "<group>"; };
		1471D91A1E5CE5EC00293728 /* OnboardViewController.swift */ = {isa = PBXFileReference; fileEncoding = 4; lastKnownFileType = sourcecode.swift; path = OnboardViewController.swift; sourceTree = "<group>"; };
		1471D9201E5CEC7C00293728 /* BackgroundVideo.swift */ = {isa = PBXFileReference; fileEncoding = 4; lastKnownFileType = sourcecode.swift; path = BackgroundVideo.swift; sourceTree = "<group>"; };
		147417681EAD0D5700A9A1E9 /* TransitionManager.swift */ = {isa = PBXFileReference; fileEncoding = 4; lastKnownFileType = sourcecode.swift; path = TransitionManager.swift; sourceTree = "<group>"; };
		1474176C1EAD171100A9A1E9 /* Scan.swift */ = {isa = PBXFileReference; fileEncoding = 4; lastKnownFileType = sourcecode.swift; path = Scan.swift; sourceTree = "<group>"; };
		147C90B71E5DDCB700D8DE70 /* onboard.mp4 */ = {isa = PBXFileReference; lastKnownFileType = file; path = onboard.mp4; sourceTree = "<group>"; };
		147CB3251EB109C300BDAF5B /* EditProfileInfoViewController.swift */ = {isa = PBXFileReference; fileEncoding = 4; lastKnownFileType = sourcecode.swift; path = EditProfileInfoViewController.swift; sourceTree = "<group>"; };
		148522341EA1538D00F0BDC4 /* Date+Extension.swift */ = {isa = PBXFileReference; fileEncoding = 4; lastKnownFileType = sourcecode.swift; path = "Date+Extension.swift"; sourceTree = "<group>"; };
		148522361EA153DD00F0BDC4 /* String+Extension.swift */ = {isa = PBXFileReference; fileEncoding = 4; lastKnownFileType = sourcecode.swift; path = "String+Extension.swift"; sourceTree = "<group>"; };
		148522401EA1544800F0BDC4 /* JPLoadingButton+Extension.swift */ = {isa = PBXFileReference; fileEncoding = 4; lastKnownFileType = sourcecode.swift; path = "JPLoadingButton+Extension.swift"; sourceTree = "<group>"; };
		14855D951E64900600794587 /* NameViewController.swift */ = {isa = PBXFileReference; fileEncoding = 4; lastKnownFileType = sourcecode.swift; path = NameViewController.swift; sourceTree = "<group>"; };
		14855D971E64901300794587 /* UsernameViewController.swift */ = {isa = PBXFileReference; fileEncoding = 4; lastKnownFileType = sourcecode.swift; path = UsernameViewController.swift; sourceTree = "<group>"; };
		14855D991E64902500794587 /* PasswordViewController.swift */ = {isa = PBXFileReference; fileEncoding = 4; lastKnownFileType = sourcecode.swift; path = PasswordViewController.swift; sourceTree = "<group>"; };
		14855D9B1E64903A00794587 /* EmailViewController.swift */ = {isa = PBXFileReference; fileEncoding = 4; lastKnownFileType = sourcecode.swift; path = EmailViewController.swift; sourceTree = "<group>"; };
		149D1DDD1E747F8000254601 /* AddProfileInfoViewController.swift */ = {isa = PBXFileReference; fileEncoding = 4; lastKnownFileType = sourcecode.swift; path = AddProfileInfoViewController.swift; sourceTree = "<group>"; };
		14AE14201E7F4EFE0035789E /* SnowFlake.swift */ = {isa = PBXFileReference; fileEncoding = 4; lastKnownFileType = sourcecode.swift; path = SnowFlake.swift; sourceTree = "<group>"; };
		14B224A01E8AA4380027CBA8 /* TransparentNavigationBar.swift */ = {isa = PBXFileReference; fileEncoding = 4; lastKnownFileType = sourcecode.swift; path = TransparentNavigationBar.swift; sourceTree = "<group>"; };
		14B224A21E8AA7D90027CBA8 /* MainController.swift */ = {isa = PBXFileReference; fileEncoding = 4; lastKnownFileType = sourcecode.swift; path = MainController.swift; sourceTree = "<group>"; };
		14CBE9421ECF384200A852EA /* AppDelegate.swift */ = {isa = PBXFileReference; fileEncoding = 4; lastKnownFileType = sourcecode.swift; path = AppDelegate.swift; sourceTree = "<group>"; };
		14CCB6D91E7C2630004B1C3C /* AccountsViewController.swift */ = {isa = PBXFileReference; fileEncoding = 4; lastKnownFileType = sourcecode.swift; path = AccountsViewController.swift; sourceTree = "<group>"; };
		14DE82D71E4D2A5F00453D3C /* AlertUtility.swift */ = {isa = PBXFileReference; fileEncoding = 4; lastKnownFileType = sourcecode.swift; path = AlertUtility.swift; sourceTree = "<group>"; };
		14E6F8391E5343BB00BBD244 /* ImageDownloaderDelegate.swift */ = {isa = PBXFileReference; fileEncoding = 4; lastKnownFileType = sourcecode.swift; path = ImageDownloaderDelegate.swift; sourceTree = "<group>"; };
		14E7A69C1EA7B97700F1BB15 /* ProfileViewControllerCurrentUser.swift */ = {isa = PBXFileReference; fileEncoding = 4; lastKnownFileType = sourcecode.swift; path = ProfileViewControllerCurrentUser.swift; sourceTree = "<group>"; };
		14E7A69D1EA7B97700F1BB15 /* ProfileViewControllerOtherUser.swift */ = {isa = PBXFileReference; fileEncoding = 4; lastKnownFileType = sourcecode.swift; path = ProfileViewControllerOtherUser.swift; sourceTree = "<group>"; };
		14EC7ABE1E74F27300B3C4E8 /* Aloha dev.app */ = {isa = PBXFileReference; explicitFileType = wrapper.application; includeInIndex = 0; path = "Aloha dev.app"; sourceTree = BUILT_PRODUCTS_DIR; };
		14F78E871E8C530E00A3D169 /* ProfileImageView.swift */ = {isa = PBXFileReference; fileEncoding = 4; lastKnownFileType = sourcecode.swift; path = ProfileImageView.swift; sourceTree = "<group>"; };
		2AAAB7ED9CA4FEA4C336A6FB /* Pods-AlohaTests.debug.xcconfig */ = {isa = PBXFileReference; includeInIndex = 1; lastKnownFileType = text.xcconfig; name = "Pods-AlohaTests.debug.xcconfig"; path = "Pods/Target Support Files/Pods-AlohaTests/Pods-AlohaTests.debug.xcconfig"; sourceTree = "<group>"; };
		4303DAD955828407D55586D3 /* Pods-Aloha dev.debug.xcconfig */ = {isa = PBXFileReference; includeInIndex = 1; lastKnownFileType = text.xcconfig; name = "Pods-Aloha dev.debug.xcconfig"; path = "Pods/Target Support Files/Pods-Aloha dev/Pods-Aloha dev.debug.xcconfig"; sourceTree = "<group>"; };
		47D53F93C796F98D5AD35563 /* Pods-Aloha.debug.xcconfig */ = {isa = PBXFileReference; includeInIndex = 1; lastKnownFileType = text.xcconfig; name = "Pods-Aloha.debug.xcconfig"; path = "Pods/Target Support Files/Pods-Aloha/Pods-Aloha.debug.xcconfig"; sourceTree = "<group>"; };
		7F17769840D94669C867AF38 /* Pods-Aloha dev.release.xcconfig */ = {isa = PBXFileReference; includeInIndex = 1; lastKnownFileType = text.xcconfig; name = "Pods-Aloha dev.release.xcconfig"; path = "Pods/Target Support Files/Pods-Aloha dev/Pods-Aloha dev.release.xcconfig"; sourceTree = "<group>"; };
		8C9816EDE8DA470794141306 /* Pods_Aloha_dev.framework */ = {isa = PBXFileReference; explicitFileType = wrapper.framework; includeInIndex = 0; path = Pods_Aloha_dev.framework; sourceTree = BUILT_PRODUCTS_DIR; };
		B90968CB1DCFB6B000B73662 /* QNectCode.swift */ = {isa = PBXFileReference; fileEncoding = 4; lastKnownFileType = sourcecode.swift; path = QNectCode.swift; sourceTree = "<group>"; };
		B90968CF1DCFC1FB00B73662 /* QnClient.swift */ = {isa = PBXFileReference; fileEncoding = 4; lastKnownFileType = sourcecode.swift; path = QnClient.swift; sourceTree = "<group>"; };
		B90968D51DCFC83200B73662 /* ConnectionCell.swift */ = {isa = PBXFileReference; fileEncoding = 4; lastKnownFileType = sourcecode.swift; path = ConnectionCell.swift; sourceTree = "<group>"; };
		B92418031DCFAFDF007C0B3B /* SettingsViewController.swift */ = {isa = PBXFileReference; fileEncoding = 4; lastKnownFileType = sourcecode.swift; path = SettingsViewController.swift; sourceTree = "<group>"; };
		B92418051DCFB4BD007C0B3B /* QnDecoder.swift */ = {isa = PBXFileReference; fileEncoding = 4; lastKnownFileType = sourcecode.swift; path = QnDecoder.swift; sourceTree = "<group>"; };
		B92418071DCFB4CA007C0B3B /* QnEncoder.swift */ = {isa = PBXFileReference; fileEncoding = 4; lastKnownFileType = sourcecode.swift; path = QnEncoder.swift; sourceTree = "<group>"; };
		B937537F1DD669F8007D50D7 /* ContactManager.swift */ = {isa = PBXFileReference; fileEncoding = 4; lastKnownFileType = sourcecode.swift; path = ContactManager.swift; sourceTree = "<group>"; };
		B949FA3C1DBA965C0071CBD6 /* LoginViewController.swift */ = {isa = PBXFileReference; fileEncoding = 4; lastKnownFileType = sourcecode.swift; path = LoginViewController.swift; sourceTree = "<group>"; };
		B949FA3F1DBAA55A0071CBD6 /* User.swift */ = {isa = PBXFileReference; fileEncoding = 4; lastKnownFileType = sourcecode.swift; path = User.swift; sourceTree = "<group>"; };
		B9570E011DCF8A2900685718 /* SwiftyUserDefaults.swift */ = {isa = PBXFileReference; fileEncoding = 4; lastKnownFileType = sourcecode.swift; path = SwiftyUserDefaults.swift; sourceTree = "<group>"; };
		B9570E111DCF9A3A00685718 /* ProfileImageCreator.swift */ = {isa = PBXFileReference; fileEncoding = 4; lastKnownFileType = sourcecode.swift; path = ProfileImageCreator.swift; sourceTree = "<group>"; };
		B95F6A571DCFA87B00EA3577 /* CodeViewController.swift */ = {isa = PBXFileReference; fileEncoding = 4; lastKnownFileType = sourcecode.swift; path = CodeViewController.swift; sourceTree = "<group>"; };
		B964AE831DBA74B400A0162E /* Aloha.app */ = {isa = PBXFileReference; explicitFileType = wrapper.application; includeInIndex = 0; path = Aloha.app; sourceTree = BUILT_PRODUCTS_DIR; };
		B964AE8B1DBA74B400A0162E /* Base */ = {isa = PBXFileReference; lastKnownFileType = file.storyboard; name = Base; path = Base.lproj/Main.storyboard; sourceTree = "<group>"; };
		B964AE901DBA74B400A0162E /* Images.xcassets */ = {isa = PBXFileReference; lastKnownFileType = folder.assetcatalog; path = Images.xcassets; sourceTree = "<group>"; };
		B964AE931DBA74B400A0162E /* Base */ = {isa = PBXFileReference; lastKnownFileType = file.storyboard; name = Base; path = Base.lproj/LaunchScreen.storyboard; sourceTree = "<group>"; };
		B964AE951DBA74B400A0162E /* Info.plist */ = {isa = PBXFileReference; lastKnownFileType = text.plist.xml; path = Info.plist; sourceTree = "<group>"; };
		B964AE9A1DBA74B400A0162E /* AlohaTests.xctest */ = {isa = PBXFileReference; explicitFileType = wrapper.cfbundle; includeInIndex = 0; path = AlohaTests.xctest; sourceTree = BUILT_PRODUCTS_DIR; };
		B964AE9E1DBA74B400A0162E /* StringExtensionTest.swift */ = {isa = PBXFileReference; lastKnownFileType = sourcecode.swift; path = StringExtensionTest.swift; sourceTree = "<group>"; };
		B964AEA01DBA74B400A0162E /* Info.plist */ = {isa = PBXFileReference; lastKnownFileType = text.plist.xml; path = Info.plist; sourceTree = "<group>"; };
		B9C3A7F91DD8DDA400CE9D06 /* libsqlite3.tbd */ = {isa = PBXFileReference; lastKnownFileType = "sourcecode.text-based-dylib-definition"; name = libsqlite3.tbd; path = usr/lib/libsqlite3.tbd; sourceTree = SDKROOT; };
		B9C3A7FD1DD8E5F800CE9D06 /* ConnectionsViewController.swift */ = {isa = PBXFileReference; fileEncoding = 4; lastKnownFileType = sourcecode.swift; path = ConnectionsViewController.swift; sourceTree = "<group>"; };
		B9C3A8011DD8E67F00CE9D06 /* ConnectionsModel.swift */ = {isa = PBXFileReference; fileEncoding = 4; lastKnownFileType = sourcecode.swift; path = ConnectionsModel.swift; sourceTree = "<group>"; };
		B9C3A8031DD9022E00CE9D06 /* QNectAlertView.swift */ = {isa = PBXFileReference; fileEncoding = 4; lastKnownFileType = sourcecode.swift; path = QNectAlertView.swift; sourceTree = "<group>"; };
		B9F859211DF0BBF600BE09A0 /* SphereMenu.swift */ = {isa = PBXFileReference; fileEncoding = 4; lastKnownFileType = sourcecode.swift; path = SphereMenu.swift; sourceTree = "<group>"; };
		BFAF0FA4662ADFE95B9E2F4B /* Pods_Aloha.framework */ = {isa = PBXFileReference; explicitFileType = wrapper.framework; includeInIndex = 0; path = Pods_Aloha.framework; sourceTree = BUILT_PRODUCTS_DIR; };
		FED8BE887B58D0397B0FA62B /* Pods-AlohaTests.release.xcconfig */ = {isa = PBXFileReference; includeInIndex = 1; lastKnownFileType = text.xcconfig; name = "Pods-AlohaTests.release.xcconfig"; path = "Pods/Target Support Files/Pods-AlohaTests/Pods-AlohaTests.release.xcconfig"; sourceTree = "<group>"; };
/* End PBXFileReference section */

/* Begin PBXFrameworksBuildPhase section */
		14EC7AAE1E74F27300B3C4E8 /* Frameworks */ = {
			isa = PBXFrameworksBuildPhase;
			buildActionMask = 2147483647;
			files = (
				14EC7AAF1E74F27300B3C4E8 /* libsqlite3.tbd in Frameworks */,
				456A8E5B94DBD1941F2C5CF2 /* Pods_Aloha_dev.framework in Frameworks */,
			);
			runOnlyForDeploymentPostprocessing = 0;
		};
		B964AE801DBA74B400A0162E /* Frameworks */ = {
			isa = PBXFrameworksBuildPhase;
			buildActionMask = 2147483647;
			files = (
				B9C3A7FA1DD8DDA400CE9D06 /* libsqlite3.tbd in Frameworks */,
				7AED334826EC3F159CA2187F /* Pods_Aloha.framework in Frameworks */,
			);
			runOnlyForDeploymentPostprocessing = 0;
		};
		B964AE971DBA74B400A0162E /* Frameworks */ = {
			isa = PBXFrameworksBuildPhase;
			buildActionMask = 2147483647;
			files = (
				F7133D181D283A9300A90C4D /* Pods_AlohaTests.framework in Frameworks */,
			);
			runOnlyForDeploymentPostprocessing = 0;
		};
/* End PBXFrameworksBuildPhase section */

/* Begin PBXGroup section */
		148522331EA1537400F0BDC4 /* Extensions */ = {
			isa = PBXGroup;
			children = (
				144668421EC8AEBB0062FA56 /* Color+Extension.swift */,
				148522401EA1544800F0BDC4 /* JPLoadingButton+Extension.swift */,
				148522361EA153DD00F0BDC4 /* String+Extension.swift */,
				148522341EA1538D00F0BDC4 /* Date+Extension.swift */,
			);
			name = Extensions;
			sourceTree = "<group>";
		};
		148522441EA1568400F0BDC4 /* Clients */ = {
			isa = PBXGroup;
			children = (
				141852171E55F2E200471E59 /* TwitterClient.swift */,
				1446683A1EC8A30C0062FA56 /* Alias.swift */,
				B90968CF1DCFC1FB00B73662 /* QnClient.swift */,
			);
			name = Clients;
			sourceTree = "<group>";
		};
		A6DCC86F55992F7852DB2F25 /* Frameworks */ = {
			isa = PBXGroup;
			children = (
				B9C3A7F91DD8DDA400CE9D06 /* libsqlite3.tbd */,
				BFAF0FA4662ADFE95B9E2F4B /* Pods_Aloha.framework */,
				8C9816EDE8DA470794141306 /* Pods_Aloha_dev.framework */,
				07D3DB2AAEEF968784A9D881 /* Pods_AlohaTests.framework */,
			);
			name = Frameworks;
			sourceTree = "<group>";
		};
		B949FA3E1DBA9AA80071CBD6 /* Utitilities */ = {
			isa = PBXGroup;
			children = (
				140BCD0A1ECBC37C000FE0E5 /* Scanner.swift */,
				1446683E1EC8A7840062FA56 /* Oops.swift */,
				147417681EAD0D5700A9A1E9 /* TransitionManager.swift */,
				1418C0251EA67C2F00C5538F /* ProfileManager.swift */,
				1471D9201E5CEC7C00293728 /* BackgroundVideo.swift */,
				14DE82D71E4D2A5F00453D3C /* AlertUtility.swift */,
				14E6F8391E5343BB00BBD244 /* ImageDownloaderDelegate.swift */,
				B9570E111DCF9A3A00685718 /* ProfileImageCreator.swift */,
				B92418051DCFB4BD007C0B3B /* QnDecoder.swift */,
				B92418071DCFB4CA007C0B3B /* QnEncoder.swift */,
				B9570E011DCF8A2900685718 /* SwiftyUserDefaults.swift */,
			);
			name = Utitilities;
			sourceTree = "<group>";
		};
		B964AE7A1DBA74B400A0162E = {
			isa = PBXGroup;
			children = (
				1466C6311ECF3B5500C01CF0 /* Default-568h@2x.png */,
				B964AE851DBA74B400A0162E /* Aloha */,
				B964AE9D1DBA74B400A0162E /* AlohaTests */,
				B964AE841DBA74B400A0162E /* Products */,
				A6DCC86F55992F7852DB2F25 /* Frameworks */,
				C075528983C508AD25572E68 /* Pods */,
			);
			sourceTree = "<group>";
		};
		B964AE841DBA74B400A0162E /* Products */ = {
			isa = PBXGroup;
			children = (
				B964AE831DBA74B400A0162E /* Aloha.app */,
				B964AE9A1DBA74B400A0162E /* AlohaTests.xctest */,
				14EC7ABE1E74F27300B3C4E8 /* Aloha dev.app */,
			);
			name = Products;
			sourceTree = "<group>";
		};
		B964AE851DBA74B400A0162E /* Aloha */ = {
			isa = PBXGroup;
			children = (
				14CBE9421ECF384200A852EA /* AppDelegate.swift */,
				B964AE8A1DBA74B400A0162E /* Main.storyboard */,
				B964AE921DBA74B400A0162E /* LaunchScreen.storyboard */,
				B964AEAC1DBA74E800A0162E /* Controllers */,
				148522441EA1568400F0BDC4 /* Clients */,
				148522331EA1537400F0BDC4 /* Extensions */,
				B949FA3E1DBA9AA80071CBD6 /* Utitilities */,
				B964AEAB1DBA74E300A0162E /* Views */,
				B964AEAA1DBA74DE00A0162E /* Models */,
				B9EF94731DBA78540091D596 /* SupportingFiles */,
			);
			path = Aloha;
			sourceTree = "<group>";
		};
		B964AE9D1DBA74B400A0162E /* AlohaTests */ = {
			isa = PBXGroup;
			children = (
				B964AE9E1DBA74B400A0162E /* StringExtensionTest.swift */,
				14184CF01EA1AB410068E01C /* UserTest.swift */,
				B964AEA01DBA74B400A0162E /* Info.plist */,
			);
			name = AlohaTests;
			path = QNectTests;
			sourceTree = "<group>";
		};
		B964AEAA1DBA74DE00A0162E /* Models */ = {
			isa = PBXGroup;
			children = (
				B937537F1DD669F8007D50D7 /* ContactManager.swift */,
				1474176C1EAD171100A9A1E9 /* Scan.swift */,
				B949FA3F1DBAA55A0071CBD6 /* User.swift */,
				B9C3A8011DD8E67F00CE9D06 /* ConnectionsModel.swift */,
			);
			name = Models;
			sourceTree = "<group>";
		};
		B964AEAB1DBA74E300A0162E /* Views */ = {
			isa = PBXGroup;
			children = (
				1418C0211EA6728800C5538F /* SwitchButton.swift */,
				142163481E8ED4C600CF6FF4 /* GradientView.swift */,
				14F78E871E8C530E00A3D169 /* ProfileImageView.swift */,
				14B224A01E8AA4380027CBA8 /* TransparentNavigationBar.swift */,
				14AE14201E7F4EFE0035789E /* SnowFlake.swift */,
				B9F859211DF0BBF600BE09A0 /* SphereMenu.swift */,
				B90968D51DCFC83200B73662 /* ConnectionCell.swift */,
				B9C3A8031DD9022E00CE9D06 /* QNectAlertView.swift */,
				B90968CB1DCFB6B000B73662 /* QNectCode.swift */,
				1418C0011EA6400E00C5538F /* EmptyView.swift */,
			);
			name = Views;
			sourceTree = "<group>";
		};
		B964AEAC1DBA74E800A0162E /* Controllers */ = {
			isa = PBXGroup;
			children = (
				14E7A69C1EA7B97700F1BB15 /* ProfileViewControllerCurrentUser.swift */,
				14E7A69D1EA7B97700F1BB15 /* ProfileViewControllerOtherUser.swift */,
				14B224A21E8AA7D90027CBA8 /* MainController.swift */,
				14CCB6D91E7C2630004B1C3C /* AccountsViewController.swift */,
				149D1DDD1E747F8000254601 /* AddProfileInfoViewController.swift */,
				147CB3251EB109C300BDAF5B /* EditProfileInfoViewController.swift */,
				14855D951E64900600794587 /* NameViewController.swift */,
				14855D971E64901300794587 /* UsernameViewController.swift */,
				14855D991E64902500794587 /* PasswordViewController.swift */,
				14855D9B1E64903A00794587 /* EmailViewController.swift */,
				B9C3A7FD1DD8E5F800CE9D06 /* ConnectionsViewController.swift */,
				1471D91A1E5CE5EC00293728 /* OnboardViewController.swift */,
				B92418031DCFAFDF007C0B3B /* SettingsViewController.swift */,
				B949FA3C1DBA965C0071CBD6 /* LoginViewController.swift */,
				B95F6A571DCFA87B00EA3577 /* CodeViewController.swift */,
			);
			name = Controllers;
			sourceTree = "<group>";
		};
		B9EF94731DBA78540091D596 /* SupportingFiles */ = {
			isa = PBXGroup;
			children = (
				144668461EC8AF2C0062FA56 /* Dev-Info.plist */,
				147C90B71E5DDCB700D8DE70 /* onboard.mp4 */,
				1421336F1E4F5CA700098F99 /* GoogleService-Info.plist */,
				1401D9C71E75EA5E00F1299D /* GoogleService-Info-DEV.plist */,
				B964AE901DBA74B400A0162E /* Images.xcassets */,
				B964AE951DBA74B400A0162E /* Info.plist */,
			);
			name = SupportingFiles;
			sourceTree = "<group>";
		};
		C075528983C508AD25572E68 /* Pods */ = {
			isa = PBXGroup;
			children = (
				47D53F93C796F98D5AD35563 /* Pods-Aloha.debug.xcconfig */,
				0F57608E22CC33BB7CF0626C /* Pods-Aloha.release.xcconfig */,
				4303DAD955828407D55586D3 /* Pods-Aloha dev.debug.xcconfig */,
				7F17769840D94669C867AF38 /* Pods-Aloha dev.release.xcconfig */,
				2AAAB7ED9CA4FEA4C336A6FB /* Pods-AlohaTests.debug.xcconfig */,
				FED8BE887B58D0397B0FA62B /* Pods-AlohaTests.release.xcconfig */,
			);
			name = Pods;
			sourceTree = "<group>";
		};
/* End PBXGroup section */

/* Begin PBXNativeTarget section */
		14EC7A801E74F27300B3C4E8 /* Aloha dev */ = {
			isa = PBXNativeTarget;
			buildConfigurationList = 14EC7ABB1E74F27300B3C4E8 /* Build configuration list for PBXNativeTarget "Aloha dev" */;
			buildPhases = (
				14EC7A811E74F27300B3C4E8 /* [CP] Check Pods Manifest.lock */,
				14EC7A821E74F27300B3C4E8 /* Sources */,
				14EC7AAE1E74F27300B3C4E8 /* Frameworks */,
				14EC7AB11E74F27300B3C4E8 /* Resources */,
				14EC7AB71E74F27300B3C4E8 /* [CP] Embed Pods Frameworks */,
				14EC7AB81E74F27300B3C4E8 /* [CP] Copy Pods Resources */,
				14EC7AB91E74F27300B3C4E8 /* ShellScript */,
				14EC7ABA1E74F27300B3C4E8 /* ShellScript */,
				14CCB6DD1E7C2B41004B1C3C /* ShellScript */,
			);
			buildRules = (
			);
			dependencies = (
			);
			name = "Aloha dev";
			productName = QNect;
			productReference = 14EC7ABE1E74F27300B3C4E8 /* Aloha dev.app */;
			productType = "com.apple.product-type.application";
		};
		B964AE821DBA74B400A0162E /* Aloha */ = {
			isa = PBXNativeTarget;
			buildConfigurationList = B964AEA31DBA74B400A0162E /* Build configuration list for PBXNativeTarget "Aloha" */;
			buildPhases = (
				4FF67B8B85ECED16EC314527 /* [CP] Check Pods Manifest.lock */,
				B964AE7F1DBA74B400A0162E /* Sources */,
				B964AE801DBA74B400A0162E /* Frameworks */,
				B964AE811DBA74B400A0162E /* Resources */,
				B25797AFECB6F33E622DCCC5 /* [CP] Embed Pods Frameworks */,
				B768D25C7491114F3B27F3B4 /* [CP] Copy Pods Resources */,
				1403CAA91E548FF600BDE899 /* Run Script */,
				141852191E5A103200471E59 /* Todo Warning Script */,
				14CCB6DF1E7C2C7B004B1C3C /* Sketch Script */,
			);
			buildRules = (
			);
			dependencies = (
			);
			name = Aloha;
			productName = QNect;
			productReference = B964AE831DBA74B400A0162E /* Aloha.app */;
			productType = "com.apple.product-type.application";
		};
		B964AE991DBA74B400A0162E /* AlohaTests */ = {
			isa = PBXNativeTarget;
			buildConfigurationList = B964AEA61DBA74B400A0162E /* Build configuration list for PBXNativeTarget "AlohaTests" */;
			buildPhases = (
				5C9D9C3785E5575B11545D4E /* [CP] Check Pods Manifest.lock */,
				B964AE961DBA74B400A0162E /* Sources */,
				B964AE971DBA74B400A0162E /* Frameworks */,
				B964AE981DBA74B400A0162E /* Resources */,
				138A171C63ED3B753D79E6B3 /* [CP] Embed Pods Frameworks */,
				08153091CB57064FA21998B9 /* [CP] Copy Pods Resources */,
			);
			buildRules = (
			);
			dependencies = (
				B964AE9C1DBA74B400A0162E /* PBXTargetDependency */,
			);
			name = AlohaTests;
			productName = QNectTests;
			productReference = B964AE9A1DBA74B400A0162E /* AlohaTests.xctest */;
			productType = "com.apple.product-type.bundle.unit-test";
		};
/* End PBXNativeTarget section */

/* Begin PBXProject section */
		B964AE7B1DBA74B400A0162E /* Project object */ = {
			isa = PBXProject;
			attributes = {
				LastSwiftUpdateCheck = 0730;
				LastUpgradeCheck = 0830;
				ORGANIZATIONNAME = "Julian Panucci";
				TargetAttributes = {
					14EC7A801E74F27300B3C4E8 = {
						DevelopmentTeam = DGYJ3R2C9F;
					};
					B964AE821DBA74B400A0162E = {
						CreatedOnToolsVersion = 7.3.1;
						DevelopmentTeam = DGYJ3R2C9F;
						LastSwiftMigration = 0820;
						SystemCapabilities = {
							com.apple.Push = {
								enabled = 1;
							};
						};
					};
					B964AE991DBA74B400A0162E = {
						CreatedOnToolsVersion = 7.3.1;
						LastSwiftMigration = 0820;
						TestTargetID = B964AE821DBA74B400A0162E;
					};
				};
			};
			buildConfigurationList = B964AE7E1DBA74B400A0162E /* Build configuration list for PBXProject "Aloha" */;
			compatibilityVersion = "Xcode 3.2";
			developmentRegion = English;
			hasScannedForEncodings = 0;
			knownRegions = (
				en,
				Base,
			);
			mainGroup = B964AE7A1DBA74B400A0162E;
			productRefGroup = B964AE841DBA74B400A0162E /* Products */;
			projectDirPath = "";
			projectRoot = "";
			targets = (
				B964AE821DBA74B400A0162E /* Aloha */,
				14EC7A801E74F27300B3C4E8 /* Aloha dev */,
				B964AE991DBA74B400A0162E /* AlohaTests */,
			);
		};
/* End PBXProject section */

/* Begin PBXResourcesBuildPhase section */
		14EC7AB11E74F27300B3C4E8 /* Resources */ = {
			isa = PBXResourcesBuildPhase;
			buildActionMask = 2147483647;
			files = (
				14EC7AB21E74F27300B3C4E8 /* LaunchScreen.storyboard in Resources */,
				14EC7AB31E74F27300B3C4E8 /* onboard.mp4 in Resources */,
				1401D9C81E75EA5E00F1299D /* GoogleService-Info-DEV.plist in Resources */,
				14EC7AB51E74F27300B3C4E8 /* Images.xcassets in Resources */,
				144668481EC8AF2C0062FA56 /* Dev-Info.plist in Resources */,
				1466C6321ECF3B5500C01CF0 /* Default-568h@2x.png in Resources */,
				14EC7AB61E74F27300B3C4E8 /* Main.storyboard in Resources */,
			);
			runOnlyForDeploymentPostprocessing = 0;
		};
		B964AE811DBA74B400A0162E /* Resources */ = {
			isa = PBXResourcesBuildPhase;
			buildActionMask = 2147483647;
			files = (
				B964AE941DBA74B400A0162E /* LaunchScreen.storyboard in Resources */,
				147C90B81E5DDCB700D8DE70 /* onboard.mp4 in Resources */,
				142133701E4F5CA700098F99 /* GoogleService-Info.plist in Resources */,
				B964AE911DBA74B400A0162E /* Images.xcassets in Resources */,
				B964AE8C1DBA74B400A0162E /* Main.storyboard in Resources */,
				1466C6331ECF3DB900C01CF0 /* Info.plist in Resources */,
			);
			runOnlyForDeploymentPostprocessing = 0;
		};
		B964AE981DBA74B400A0162E /* Resources */ = {
			isa = PBXResourcesBuildPhase;
			buildActionMask = 2147483647;
			files = (
			);
			runOnlyForDeploymentPostprocessing = 0;
		};
/* End PBXResourcesBuildPhase section */

/* Begin PBXShellScriptBuildPhase section */
		08153091CB57064FA21998B9 /* [CP] Copy Pods Resources */ = {
			isa = PBXShellScriptBuildPhase;
			buildActionMask = 2147483647;
			files = (
			);
			inputPaths = (
			);
			name = "[CP] Copy Pods Resources";
			outputPaths = (
			);
			runOnlyForDeploymentPostprocessing = 0;
			shellPath = /bin/sh;
			shellScript = "\"${SRCROOT}/Pods/Target Support Files/Pods-AlohaTests/Pods-AlohaTests-resources.sh\"\n";
			showEnvVarsInLog = 0;
		};
		138A171C63ED3B753D79E6B3 /* [CP] Embed Pods Frameworks */ = {
			isa = PBXShellScriptBuildPhase;
			buildActionMask = 2147483647;
			files = (
			);
			inputPaths = (
			);
			name = "[CP] Embed Pods Frameworks";
			outputPaths = (
			);
			runOnlyForDeploymentPostprocessing = 0;
			shellPath = /bin/sh;
			shellScript = "\"${SRCROOT}/Pods/Target Support Files/Pods-AlohaTests/Pods-AlohaTests-frameworks.sh\"\n";
			showEnvVarsInLog = 0;
		};
		1403CAA91E548FF600BDE899 /* Run Script */ = {
			isa = PBXShellScriptBuildPhase;
			buildActionMask = 2147483647;
			files = (
			);
			inputPaths = (
			);
			name = "Run Script";
			outputPaths = (
			);
			runOnlyForDeploymentPostprocessing = 0;
			shellPath = /bin/sh;
			shellScript = "\"${PODS_ROOT}/Fabric/run\" 46e648d9c6b95833b9ab4f6be200ffb599ae7bce 090e682fffe765cecec4688b7d7c619f08fb07e73189cbbcfd01abc2d4fe9da2";
		};
		141852191E5A103200471E59 /* Todo Warning Script */ = {
			isa = PBXShellScriptBuildPhase;
			buildActionMask = 2147483647;
			files = (
			);
			inputPaths = (
			);
			name = "Todo Warning Script";
			outputPaths = (
			);
			runOnlyForDeploymentPostprocessing = 0;
			shellPath = /bin/sh;
			shellScript = "TAGS=\"todo:\"\necho \"searching ${SRCROOT} for ${TAGS}\"\nfind \"${SRCROOT}/QNect\" \\( -name \"*.swift\" \\) -print0 | xargs -0 egrep --with-filename --line-number --only-matching \"($TAGS).*\\$\" | perl -p -e \"s/($TAGS)/ warning: \\$1/\"";
		};
		14CCB6DD1E7C2B41004B1C3C /* ShellScript */ = {
			isa = PBXShellScriptBuildPhase;
			buildActionMask = 2147483647;
			files = (
			);
			inputPaths = (
			);
			outputPaths = (
			);
			runOnlyForDeploymentPostprocessing = 0;
			shellPath = /bin/sh;
			shellScript = "#python \"$PROJECT_DIR/Design/slice.py\" \"$PROJECT_DIR/Design/UI.sketch\" \"$PROJECT_DIR/QNect/Images.xcassets\"";
		};
		14CCB6DF1E7C2C7B004B1C3C /* Sketch Script */ = {
			isa = PBXShellScriptBuildPhase;
			buildActionMask = 2147483647;
			files = (
			);
			inputPaths = (
			);
			name = "Sketch Script";
			outputPaths = (
			);
			runOnlyForDeploymentPostprocessing = 0;
			shellPath = /bin/sh;
			shellScript = "#python \"$PROJECT_DIR/Design/slice.py\" \"$PROJECT_DIR/Design/UI.sketch\" \"$PROJECT_DIR/QNect/Images.xcassets\"";
		};
		14EC7A811E74F27300B3C4E8 /* [CP] Check Pods Manifest.lock */ = {
			isa = PBXShellScriptBuildPhase;
			buildActionMask = 2147483647;
			files = (
			);
			inputPaths = (
			);
			name = "[CP] Check Pods Manifest.lock";
			outputPaths = (
			);
			runOnlyForDeploymentPostprocessing = 0;
			shellPath = /bin/sh;
			shellScript = "diff \"${PODS_ROOT}/../Podfile.lock\" \"${PODS_ROOT}/Manifest.lock\" > /dev/null\nif [ $? != 0 ] ; then\n    # print error to STDERR\n    echo \"error: The sandbox is not in sync with the Podfile.lock. Run 'pod install' or update your CocoaPods installation.\" >&2\n    exit 1\nfi\n";
			showEnvVarsInLog = 0;
		};
		14EC7AB71E74F27300B3C4E8 /* [CP] Embed Pods Frameworks */ = {
			isa = PBXShellScriptBuildPhase;
			buildActionMask = 2147483647;
			files = (
			);
			inputPaths = (
			);
			name = "[CP] Embed Pods Frameworks";
			outputPaths = (
			);
			runOnlyForDeploymentPostprocessing = 0;
			shellPath = /bin/sh;
			shellScript = "\"${SRCROOT}/Pods/Target Support Files/Pods-Aloha dev/Pods-Aloha dev-frameworks.sh\"\n";
			showEnvVarsInLog = 0;
		};
		14EC7AB81E74F27300B3C4E8 /* [CP] Copy Pods Resources */ = {
			isa = PBXShellScriptBuildPhase;
			buildActionMask = 2147483647;
			files = (
			);
			inputPaths = (
			);
			name = "[CP] Copy Pods Resources";
			outputPaths = (
			);
			runOnlyForDeploymentPostprocessing = 0;
			shellPath = /bin/sh;
			shellScript = "\"${SRCROOT}/Pods/Target Support Files/Pods-Aloha dev/Pods-Aloha dev-resources.sh\"\n";
			showEnvVarsInLog = 0;
		};
		14EC7AB91E74F27300B3C4E8 /* ShellScript */ = {
			isa = PBXShellScriptBuildPhase;
			buildActionMask = 2147483647;
			files = (
			);
			inputPaths = (
			);
			outputPaths = (
			);
			runOnlyForDeploymentPostprocessing = 0;
			shellPath = /bin/sh;
			shellScript = "\"${PODS_ROOT}/Fabric/run\" 46e648d9c6b95833b9ab4f6be200ffb599ae7bce 090e682fffe765cecec4688b7d7c619f08fb07e73189cbbcfd01abc2d4fe9da2";
		};
		14EC7ABA1E74F27300B3C4E8 /* ShellScript */ = {
			isa = PBXShellScriptBuildPhase;
			buildActionMask = 2147483647;
			files = (
			);
			inputPaths = (
			);
			outputPaths = (
			);
			runOnlyForDeploymentPostprocessing = 0;
			shellPath = /bin/sh;
			shellScript = "TAGS=\"todo:\"\necho \"searching ${SRCROOT} for ${TAGS}\"\nfind \"${SRCROOT}/Aloha\" \\( -name \"*.swift\" \\) -print0 | xargs -0 egrep --with-filename --line-number --only-matching \"($TAGS).*\\$\" | perl -p -e \"s/($TAGS)/ warning: \\$1/\"";
		};
		4FF67B8B85ECED16EC314527 /* [CP] Check Pods Manifest.lock */ = {
			isa = PBXShellScriptBuildPhase;
			buildActionMask = 2147483647;
			files = (
			);
			inputPaths = (
			);
			name = "[CP] Check Pods Manifest.lock";
			outputPaths = (
			);
			runOnlyForDeploymentPostprocessing = 0;
			shellPath = /bin/sh;
			shellScript = "diff \"${PODS_ROOT}/../Podfile.lock\" \"${PODS_ROOT}/Manifest.lock\" > /dev/null\nif [ $? != 0 ] ; then\n    # print error to STDERR\n    echo \"error: The sandbox is not in sync with the Podfile.lock. Run 'pod install' or update your CocoaPods installation.\" >&2\n    exit 1\nfi\n";
			showEnvVarsInLog = 0;
		};
		5C9D9C3785E5575B11545D4E /* [CP] Check Pods Manifest.lock */ = {
			isa = PBXShellScriptBuildPhase;
			buildActionMask = 2147483647;
			files = (
			);
			inputPaths = (
			);
			name = "[CP] Check Pods Manifest.lock";
			outputPaths = (
			);
			runOnlyForDeploymentPostprocessing = 0;
			shellPath = /bin/sh;
			shellScript = "diff \"${PODS_ROOT}/../Podfile.lock\" \"${PODS_ROOT}/Manifest.lock\" > /dev/null\nif [ $? != 0 ] ; then\n    # print error to STDERR\n    echo \"error: The sandbox is not in sync with the Podfile.lock. Run 'pod install' or update your CocoaPods installation.\" >&2\n    exit 1\nfi\n";
			showEnvVarsInLog = 0;
		};
		B25797AFECB6F33E622DCCC5 /* [CP] Embed Pods Frameworks */ = {
			isa = PBXShellScriptBuildPhase;
			buildActionMask = 2147483647;
			files = (
			);
			inputPaths = (
			);
			name = "[CP] Embed Pods Frameworks";
			outputPaths = (
			);
			runOnlyForDeploymentPostprocessing = 0;
			shellPath = /bin/sh;
			shellScript = "\"${SRCROOT}/Pods/Target Support Files/Pods-Aloha/Pods-Aloha-frameworks.sh\"\n";
			showEnvVarsInLog = 0;
		};
		B768D25C7491114F3B27F3B4 /* [CP] Copy Pods Resources */ = {
			isa = PBXShellScriptBuildPhase;
			buildActionMask = 2147483647;
			files = (
			);
			inputPaths = (
			);
			name = "[CP] Copy Pods Resources";
			outputPaths = (
			);
			runOnlyForDeploymentPostprocessing = 0;
			shellPath = /bin/sh;
			shellScript = "\"${SRCROOT}/Pods/Target Support Files/Pods-Aloha/Pods-Aloha-resources.sh\"\n";
			showEnvVarsInLog = 0;
		};
/* End PBXShellScriptBuildPhase section */

/* Begin PBXSourcesBuildPhase section */
		14EC7A821E74F27300B3C4E8 /* Sources */ = {
			isa = PBXSourcesBuildPhase;
			buildActionMask = 2147483647;
			files = (
				14EC7A831E74F27300B3C4E8 /* SwiftyUserDefaults.swift in Sources */,
				144668441EC8AEBB0062FA56 /* Color+Extension.swift in Sources */,
				14EC7A841E74F27300B3C4E8 /* QNectAlertView.swift in Sources */,
				14EC7A861E74F27300B3C4E8 /* QnEncoder.swift in Sources */,
				14EC7A881E74F27300B3C4E8 /* PasswordViewController.swift in Sources */,
				140BCD0C1ECBC37C000FE0E5 /* Scanner.swift in Sources */,
				14EC7A891E74F27300B3C4E8 /* ConnectionsModel.swift in Sources */,
				14EC7A8C1E74F27300B3C4E8 /* SphereMenu.swift in Sources */,
				148522421EA1544800F0BDC4 /* JPLoadingButton+Extension.swift in Sources */,
				14EC7A8D1E74F27300B3C4E8 /* ImageDownloaderDelegate.swift in Sources */,
				14EC7A8E1E74F27300B3C4E8 /* BackgroundVideo.swift in Sources */,
				14CBE9441ECF384200A852EA /* AppDelegate.swift in Sources */,
				14EC7A8F1E74F27300B3C4E8 /* OnboardViewController.swift in Sources */,
				148522381EA153DD00F0BDC4 /* String+Extension.swift in Sources */,
				14EC7A931E74F27300B3C4E8 /* User.swift in Sources */,
				14E7A6A21EA7B97700F1BB15 /* ProfileViewControllerOtherUser.swift in Sources */,
				14EC7A951E74F27300B3C4E8 /* NameViewController.swift in Sources */,
				1418C0231EA6728800C5538F /* SwitchButton.swift in Sources */,
				1446683C1EC8A30C0062FA56 /* Alias.swift in Sources */,
				1418C0271EA67C2F00C5538F /* ProfileManager.swift in Sources */,
				14EC7A961E74F27300B3C4E8 /* EmailViewController.swift in Sources */,
				14B224A41E8AA7D90027CBA8 /* MainController.swift in Sources */,
				14EC7A981E74F27300B3C4E8 /* LoginViewController.swift in Sources */,
				14AE14221E7F4EFE0035789E /* SnowFlake.swift in Sources */,
				14E7A69F1EA7B97700F1BB15 /* ProfileViewControllerCurrentUser.swift in Sources */,
				147CB3271EB109C300BDAF5B /* EditProfileInfoViewController.swift in Sources */,
				1474176A1EAD0D5700A9A1E9 /* TransitionManager.swift in Sources */,
				14EC7A991E74F27300B3C4E8 /* ContactManager.swift in Sources */,
				14EC7A9B1E74F27300B3C4E8 /* QnDecoder.swift in Sources */,
				1474176E1EAD171100A9A1E9 /* Scan.swift in Sources */,
				14CCB6DB1E7C2630004B1C3C /* AccountsViewController.swift in Sources */,
				14EC7A9D1E74F27300B3C4E8 /* QNectCode.swift in Sources */,
				1418C0031EA6400E00C5538F /* EmptyView.swift in Sources */,
				14EC7AA01E74F27300B3C4E8 /* ConnectionCell.swift in Sources */,
				14EC7AA11E74F27300B3C4E8 /* AddProfileInfoViewController.swift in Sources */,
				14EC7AA41E74F27300B3C4E8 /* UsernameViewController.swift in Sources */,
				14EC7AA51E74F27300B3C4E8 /* QnClient.swift in Sources */,
				1485223A1EA153EA00F0BDC4 /* Date+Extension.swift in Sources */,
				1421634A1E8ED4C600CF6FF4 /* GradientView.swift in Sources */,
				14EC7AA71E74F27300B3C4E8 /* CodeViewController.swift in Sources */,
				14EC7AA81E74F27300B3C4E8 /* ProfileImageCreator.swift in Sources */,
				14EC7AAA1E74F27300B3C4E8 /* AlertUtility.swift in Sources */,
				14EC7AAB1E74F27300B3C4E8 /* ConnectionsViewController.swift in Sources */,
				14B224A61E8AABD20027CBA8 /* TransparentNavigationBar.swift in Sources */,
				14F78E891E8C530E00A3D169 /* ProfileImageView.swift in Sources */,
				14EC7AAC1E74F27300B3C4E8 /* SettingsViewController.swift in Sources */,
				14EC7AAD1E74F27300B3C4E8 /* TwitterClient.swift in Sources */,
				144668401EC8A7840062FA56 /* Oops.swift in Sources */,
			);
			runOnlyForDeploymentPostprocessing = 0;
		};
		B964AE7F1DBA74B400A0162E /* Sources */ = {
			isa = PBXSourcesBuildPhase;
			buildActionMask = 2147483647;
			files = (
				B9570E021DCF8A2900685718 /* SwiftyUserDefaults.swift in Sources */,
				144668431EC8AEBB0062FA56 /* Color+Extension.swift in Sources */,
				148522351EA1538D00F0BDC4 /* Date+Extension.swift in Sources */,
				B9C3A8041DD9022E00CE9D06 /* QNectAlertView.swift in Sources */,
				B92418081DCFB4CA007C0B3B /* QnEncoder.swift in Sources */,
				140BCD0B1ECBC37C000FE0E5 /* Scanner.swift in Sources */,
				14855D9A1E64902500794587 /* PasswordViewController.swift in Sources */,
				B9C3A8021DD8E67F00CE9D06 /* ConnectionsModel.swift in Sources */,
				148522411EA1544800F0BDC4 /* JPLoadingButton+Extension.swift in Sources */,
				B9F859221DF0BBF600BE09A0 /* SphereMenu.swift in Sources */,
				14E6F83A1E5343BB00BBD244 /* ImageDownloaderDelegate.swift in Sources */,
				14CBE9431ECF384200A852EA /* AppDelegate.swift in Sources */,
				1471D9211E5CEC7C00293728 /* BackgroundVideo.swift in Sources */,
				1471D91B1E5CE5EC00293728 /* OnboardViewController.swift in Sources */,
				B949FA401DBAA55A0071CBD6 /* User.swift in Sources */,
				14E7A6A11EA7B97700F1BB15 /* ProfileViewControllerOtherUser.swift in Sources */,
				14855D961E64900600794587 /* NameViewController.swift in Sources */,
				1418C0221EA6728800C5538F /* SwitchButton.swift in Sources */,
				1446683B1EC8A30C0062FA56 /* Alias.swift in Sources */,
				1418C0261EA67C2F00C5538F /* ProfileManager.swift in Sources */,
				14855D9C1E64903A00794587 /* EmailViewController.swift in Sources */,
				B949FA3D1DBA965C0071CBD6 /* LoginViewController.swift in Sources */,
				14AE14211E7F4EFE0035789E /* SnowFlake.swift in Sources */,
				B93753801DD669F8007D50D7 /* ContactManager.swift in Sources */,
				14E7A69E1EA7B97700F1BB15 /* ProfileViewControllerCurrentUser.swift in Sources */,
				147CB3261EB109C300BDAF5B /* EditProfileInfoViewController.swift in Sources */,
				147417691EAD0D5700A9A1E9 /* TransitionManager.swift in Sources */,
				B92418061DCFB4BD007C0B3B /* QnDecoder.swift in Sources */,
				14CCB6DA1E7C2630004B1C3C /* AccountsViewController.swift in Sources */,
				1474176D1EAD171100A9A1E9 /* Scan.swift in Sources */,
				B90968CC1DCFB6B000B73662 /* QNectCode.swift in Sources */,
				1418C0021EA6400E00C5538F /* EmptyView.swift in Sources */,
				148522371EA153DD00F0BDC4 /* String+Extension.swift in Sources */,
				B90968D91DCFC83200B73662 /* ConnectionCell.swift in Sources */,
				149D1DDF1E747F8000254601 /* AddProfileInfoViewController.swift in Sources */,
				14855D981E64901300794587 /* UsernameViewController.swift in Sources */,
				B90968D01DCFC1FB00B73662 /* QnClient.swift in Sources */,
				B95F6A581DCFA87B00EA3577 /* CodeViewController.swift in Sources */,
				142163491E8ED4C600CF6FF4 /* GradientView.swift in Sources */,
				B9570E121DCF9A3A00685718 /* ProfileImageCreator.swift in Sources */,
				14DE82D81E4D2A5F00453D3C /* AlertUtility.swift in Sources */,
				B9C3A7FE1DD8E5F800CE9D06 /* ConnectionsViewController.swift in Sources */,
				14B224A11E8AA4380027CBA8 /* TransparentNavigationBar.swift in Sources */,
				B92418041DCFAFDF007C0B3B /* SettingsViewController.swift in Sources */,
				14F78E881E8C530E00A3D169 /* ProfileImageView.swift in Sources */,
				14B224A31E8AA7D90027CBA8 /* MainController.swift in Sources */,
				141852181E55F2E200471E59 /* TwitterClient.swift in Sources */,
				1446683F1EC8A7840062FA56 /* Oops.swift in Sources */,
			);
			runOnlyForDeploymentPostprocessing = 0;
		};
		B964AE961DBA74B400A0162E /* Sources */ = {
			isa = PBXSourcesBuildPhase;
			buildActionMask = 2147483647;
			files = (
				14184CF11EA1AB410068E01C /* UserTest.swift in Sources */,
				B964AE9F1DBA74B400A0162E /* StringExtensionTest.swift in Sources */,
			);
			runOnlyForDeploymentPostprocessing = 0;
		};
/* End PBXSourcesBuildPhase section */

/* Begin PBXTargetDependency section */
		B964AE9C1DBA74B400A0162E /* PBXTargetDependency */ = {
			isa = PBXTargetDependency;
			target = B964AE821DBA74B400A0162E /* Aloha */;
			targetProxy = B964AE9B1DBA74B400A0162E /* PBXContainerItemProxy */;
		};
/* End PBXTargetDependency section */

/* Begin PBXVariantGroup section */
		B964AE8A1DBA74B400A0162E /* Main.storyboard */ = {
			isa = PBXVariantGroup;
			children = (
				B964AE8B1DBA74B400A0162E /* Base */,
			);
			name = Main.storyboard;
			sourceTree = "<group>";
		};
		B964AE921DBA74B400A0162E /* LaunchScreen.storyboard */ = {
			isa = PBXVariantGroup;
			children = (
				B964AE931DBA74B400A0162E /* Base */,
			);
			name = LaunchScreen.storyboard;
			sourceTree = "<group>";
		};
/* End PBXVariantGroup section */

/* Begin XCBuildConfiguration section */
		14EC7ABC1E74F27300B3C4E8 /* Debug */ = {
			isa = XCBuildConfiguration;
			baseConfigurationReference = 4303DAD955828407D55586D3 /* Pods-Aloha dev.debug.xcconfig */;
			buildSettings = {
				ASSETCATALOG_COMPILER_APPICON_NAME = AppIcon;
				CLANG_ENABLE_MODULES = YES;
				DEBUG_INFORMATION_FORMAT = "dwarf-with-dsym";
				DEVELOPMENT_TEAM = DGYJ3R2C9F;
				ENABLE_BITCODE = YES;
				INFOPLIST_FILE = "Aloha/Dev-Info.plist";
				IPHONEOS_DEPLOYMENT_TARGET = 9.0;
				LD_RUNPATH_SEARCH_PATHS = "$(inherited) @executable_path/Frameworks";
				OTHER_SWIFT_FLAGS = "-DDEVELOPMENT";
				PRODUCT_BUNDLE_IDENTIFIER = "io.QNect.QNect-dev";
				PRODUCT_NAME = "$(TARGET_NAME)";
				SWIFT_INSTALL_OBJC_HEADER = YES;
				SWIFT_OBJC_BRIDGING_HEADER = "$(SRCROOT)/$(PROJECT_NAME)/$(PROJECT_NAME)-Bridge.h";
				SWIFT_OPTIMIZATION_LEVEL = "-Onone";
				SWIFT_VERSION = 3.0;
			};
			name = Debug;
		};
		14EC7ABD1E74F27300B3C4E8 /* Release */ = {
			isa = XCBuildConfiguration;
			baseConfigurationReference = 7F17769840D94669C867AF38 /* Pods-Aloha dev.release.xcconfig */;
			buildSettings = {
				ASSETCATALOG_COMPILER_APPICON_NAME = AppIcon;
				CLANG_ENABLE_MODULES = YES;
				DEVELOPMENT_TEAM = DGYJ3R2C9F;
				ENABLE_BITCODE = YES;
				INFOPLIST_FILE = "Aloha/Dev-Info.plist";
				IPHONEOS_DEPLOYMENT_TARGET = 9.0;
				LD_RUNPATH_SEARCH_PATHS = "$(inherited) @executable_path/Frameworks";
				OTHER_SWIFT_FLAGS = "-DDEVELOPMENT";
				PRODUCT_BUNDLE_IDENTIFIER = "io.QNect.QNect-dev";
				PRODUCT_NAME = "$(TARGET_NAME)";
				SWIFT_INSTALL_OBJC_HEADER = YES;
				SWIFT_OBJC_BRIDGING_HEADER = "$(SRCROOT)/$(PROJECT_NAME)/$(PROJECT_NAME)-Bridge.h";
				SWIFT_VERSION = 3.0;
			};
			name = Release;
		};
		B964AEA11DBA74B400A0162E /* Debug */ = {
			isa = XCBuildConfiguration;
			buildSettings = {
				ALWAYS_SEARCH_USER_PATHS = NO;
				CLANG_ANALYZER_NONNULL = YES;
				CLANG_CXX_LANGUAGE_STANDARD = "gnu++0x";
				CLANG_CXX_LIBRARY = "libc++";
				CLANG_ENABLE_MODULES = YES;
				CLANG_ENABLE_OBJC_ARC = YES;
				CLANG_WARN_BOOL_CONVERSION = YES;
				CLANG_WARN_CONSTANT_CONVERSION = YES;
				CLANG_WARN_DIRECT_OBJC_ISA_USAGE = YES_ERROR;
				CLANG_WARN_EMPTY_BODY = YES;
				CLANG_WARN_ENUM_CONVERSION = YES;
				CLANG_WARN_INFINITE_RECURSION = YES;
				CLANG_WARN_INT_CONVERSION = YES;
				CLANG_WARN_OBJC_ROOT_CLASS = YES_ERROR;
				CLANG_WARN_SUSPICIOUS_MOVE = YES;
				CLANG_WARN_UNREACHABLE_CODE = YES;
				CLANG_WARN__DUPLICATE_METHOD_MATCH = YES;
				"CODE_SIGN_IDENTITY[sdk=iphoneos*]" = "iPhone Developer";
				COPY_PHASE_STRIP = NO;
				DEBUG_INFORMATION_FORMAT = dwarf;
				ENABLE_STRICT_OBJC_MSGSEND = YES;
				ENABLE_TESTABILITY = YES;
				GCC_C_LANGUAGE_STANDARD = gnu99;
				GCC_DYNAMIC_NO_PIC = NO;
				GCC_NO_COMMON_BLOCKS = YES;
				GCC_OPTIMIZATION_LEVEL = 0;
				GCC_PREPROCESSOR_DEFINITIONS = (
					"DEBUG=1",
					"$(inherited)",
				);
				GCC_WARN_64_TO_32_BIT_CONVERSION = YES;
				GCC_WARN_ABOUT_RETURN_TYPE = YES_ERROR;
				GCC_WARN_UNDECLARED_SELECTOR = YES;
				GCC_WARN_UNINITIALIZED_AUTOS = YES_AGGRESSIVE;
				GCC_WARN_UNUSED_FUNCTION = YES;
				GCC_WARN_UNUSED_VARIABLE = YES;
				IPHONEOS_DEPLOYMENT_TARGET = 9.3;
				MTL_ENABLE_DEBUG_INFO = YES;
				ONLY_ACTIVE_ARCH = YES;
				SDKROOT = iphoneos;
				SWIFT_OPTIMIZATION_LEVEL = "-Onone";
			};
			name = Debug;
		};
		B964AEA21DBA74B400A0162E /* Release */ = {
			isa = XCBuildConfiguration;
			buildSettings = {
				ALWAYS_SEARCH_USER_PATHS = NO;
				CLANG_ANALYZER_NONNULL = YES;
				CLANG_CXX_LANGUAGE_STANDARD = "gnu++0x";
				CLANG_CXX_LIBRARY = "libc++";
				CLANG_ENABLE_MODULES = YES;
				CLANG_ENABLE_OBJC_ARC = YES;
				CLANG_WARN_BOOL_CONVERSION = YES;
				CLANG_WARN_CONSTANT_CONVERSION = YES;
				CLANG_WARN_DIRECT_OBJC_ISA_USAGE = YES_ERROR;
				CLANG_WARN_EMPTY_BODY = YES;
				CLANG_WARN_ENUM_CONVERSION = YES;
				CLANG_WARN_INFINITE_RECURSION = YES;
				CLANG_WARN_INT_CONVERSION = YES;
				CLANG_WARN_OBJC_ROOT_CLASS = YES_ERROR;
				CLANG_WARN_SUSPICIOUS_MOVE = YES;
				CLANG_WARN_UNREACHABLE_CODE = YES;
				CLANG_WARN__DUPLICATE_METHOD_MATCH = YES;
				"CODE_SIGN_IDENTITY[sdk=iphoneos*]" = "iPhone Developer";
				COPY_PHASE_STRIP = NO;
				DEBUG_INFORMATION_FORMAT = "dwarf-with-dsym";
				ENABLE_NS_ASSERTIONS = NO;
				ENABLE_STRICT_OBJC_MSGSEND = YES;
				GCC_C_LANGUAGE_STANDARD = gnu99;
				GCC_NO_COMMON_BLOCKS = YES;
				GCC_WARN_64_TO_32_BIT_CONVERSION = YES;
				GCC_WARN_ABOUT_RETURN_TYPE = YES_ERROR;
				GCC_WARN_UNDECLARED_SELECTOR = YES;
				GCC_WARN_UNINITIALIZED_AUTOS = YES_AGGRESSIVE;
				GCC_WARN_UNUSED_FUNCTION = YES;
				GCC_WARN_UNUSED_VARIABLE = YES;
				IPHONEOS_DEPLOYMENT_TARGET = 9.3;
				MTL_ENABLE_DEBUG_INFO = NO;
				SDKROOT = iphoneos;
				SWIFT_OPTIMIZATION_LEVEL = "-Owholemodule";
				VALIDATE_PRODUCT = YES;
			};
			name = Release;
		};
		B964AEA41DBA74B400A0162E /* Debug */ = {
			isa = XCBuildConfiguration;
			baseConfigurationReference = 47D53F93C796F98D5AD35563 /* Pods-Aloha.debug.xcconfig */;
			buildSettings = {
				ASSETCATALOG_COMPILER_APPICON_NAME = AppIcon;
				CLANG_ENABLE_MODULES = YES;
				DEBUG_INFORMATION_FORMAT = "dwarf-with-dsym";
				ENABLE_BITCODE = YES;
				INFOPLIST_FILE = "$(SRCROOT)/Aloha/Info.plist";
				IPHONEOS_DEPLOYMENT_TARGET = 9.0;
				LD_RUNPATH_SEARCH_PATHS = "$(inherited) @executable_path/Frameworks";
				PRODUCT_BUNDLE_IDENTIFIER = io.QNect.QNect;
				PRODUCT_NAME = "$(TARGET_NAME)";
				SWIFT_INSTALL_OBJC_HEADER = YES;
				SWIFT_OBJC_BRIDGING_HEADER = "$(SRCROOT)/$(PROJECT_NAME)/$(PROJECT_NAME)-Bridge.h";
				SWIFT_OPTIMIZATION_LEVEL = "-Onone";
				SWIFT_VERSION = 3.0;
			};
			name = Debug;
		};
		B964AEA51DBA74B400A0162E /* Release */ = {
			isa = XCBuildConfiguration;
			baseConfigurationReference = 0F57608E22CC33BB7CF0626C /* Pods-Aloha.release.xcconfig */;
			buildSettings = {
				ASSETCATALOG_COMPILER_APPICON_NAME = AppIcon;
				CLANG_ENABLE_MODULES = YES;
				ENABLE_BITCODE = YES;
				INFOPLIST_FILE = "$(SRCROOT)/Aloha/Info.plist";
				IPHONEOS_DEPLOYMENT_TARGET = 9.0;
				LD_RUNPATH_SEARCH_PATHS = "$(inherited) @executable_path/Frameworks";
				PRODUCT_BUNDLE_IDENTIFIER = io.QNect.QNect;
				PRODUCT_NAME = "$(TARGET_NAME)";
				SWIFT_INSTALL_OBJC_HEADER = YES;
				SWIFT_OBJC_BRIDGING_HEADER = "$(SRCROOT)/$(PROJECT_NAME)/$(PROJECT_NAME)-Bridge.h";
				SWIFT_VERSION = 3.0;
			};
			name = Release;
		};
		B964AEA71DBA74B400A0162E /* Debug */ = {
			isa = XCBuildConfiguration;
			baseConfigurationReference = 2AAAB7ED9CA4FEA4C336A6FB /* Pods-AlohaTests.debug.xcconfig */;
			buildSettings = {
				BUNDLE_LOADER = "$(TEST_HOST)";
				INFOPLIST_FILE = QNectTests/Info.plist;
				LD_RUNPATH_SEARCH_PATHS = "$(inherited) @executable_path/Frameworks @loader_path/Frameworks";
				PRODUCT_BUNDLE_IDENTIFIER = edu.psu.cse.jrp5502.QNectTests;
				PRODUCT_NAME = "$(TARGET_NAME)";
				SWIFT_VERSION = 3.0;
				TEST_HOST = "$(BUILT_PRODUCTS_DIR)/Aloha.app/Aloha";
			};
			name = Debug;
		};
		B964AEA81DBA74B400A0162E /* Release */ = {
			isa = XCBuildConfiguration;
			baseConfigurationReference = FED8BE887B58D0397B0FA62B /* Pods-AlohaTests.release.xcconfig */;
			buildSettings = {
				BUNDLE_LOADER = "$(TEST_HOST)";
				INFOPLIST_FILE = QNectTests/Info.plist;
				LD_RUNPATH_SEARCH_PATHS = "$(inherited) @executable_path/Frameworks @loader_path/Frameworks";
				PRODUCT_BUNDLE_IDENTIFIER = edu.psu.cse.jrp5502.QNectTests;
				PRODUCT_NAME = "$(TARGET_NAME)";
				SWIFT_VERSION = 3.0;
				TEST_HOST = "$(BUILT_PRODUCTS_DIR)/Aloha.app/Aloha";
			};
			name = Release;
		};
/* End XCBuildConfiguration section */

/* Begin XCConfigurationList section */
		14EC7ABB1E74F27300B3C4E8 /* Build configuration list for PBXNativeTarget "Aloha dev" */ = {
			isa = XCConfigurationList;
			buildConfigurations = (
				14EC7ABC1E74F27300B3C4E8 /* Debug */,
				14EC7ABD1E74F27300B3C4E8 /* Release */,
			);
			defaultConfigurationIsVisible = 0;
			defaultConfigurationName = Release;
		};
		B964AE7E1DBA74B400A0162E /* Build configuration list for PBXProject "Aloha" */ = {
			isa = XCConfigurationList;
			buildConfigurations = (
				B964AEA11DBA74B400A0162E /* Debug */,
				B964AEA21DBA74B400A0162E /* Release */,
			);
			defaultConfigurationIsVisible = 0;
			defaultConfigurationName = Release;
		};
		B964AEA31DBA74B400A0162E /* Build configuration list for PBXNativeTarget "Aloha" */ = {
			isa = XCConfigurationList;
			buildConfigurations = (
				B964AEA41DBA74B400A0162E /* Debug */,
				B964AEA51DBA74B400A0162E /* Release */,
			);
			defaultConfigurationIsVisible = 0;
			defaultConfigurationName = Release;
		};
		B964AEA61DBA74B400A0162E /* Build configuration list for PBXNativeTarget "AlohaTests" */ = {
			isa = XCConfigurationList;
			buildConfigurations = (
				B964AEA71DBA74B400A0162E /* Debug */,
				B964AEA81DBA74B400A0162E /* Release */,
			);
			defaultConfigurationIsVisible = 0;
			defaultConfigurationName = Release;
		};
/* End XCConfigurationList section */
	};
	rootObject = B964AE7B1DBA74B400A0162E /* Project object */;
}
